# This file is autogenerated, do not edit; changes may be undone by the next 'dep ensure'.


[[projects]]
  name = "github.com/carterjones/go-cloudflare-scraper"
  packages = ["."]
  revision = "e1c190340950851b5cd7fae8f809e091fa2daffd"
  version = "v0.1.2"

[[projects]]
  branch = "master"
  name = "github.com/gorilla/websocket"
  packages = ["."]
  revision = "eb925808374e5ca90c83401a40d711dc08c0c0f6"

[[projects]]
  name = "github.com/pkg/errors"
  packages = ["."]
  revision = "645ef00459ed84a119197bfb8d8205042c6df63d"
  version = "v0.8.0"

[[projects]]
  branch = "master"
  name = "github.com/robertkrimen/otto"
  packages = [
    ".",
    "ast",
    "dbg",
    "file",
    "parser",
    "registry",
    "token"
  ]
  revision = "6c383dd335ef8dcccef05e651ce1eccfe4d0f011"

[[projects]]
  name = "gopkg.in/sourcemap.v1"
  packages = [
    ".",
    "base64vlq"
  ]
  revision = "6e83acea0053641eff084973fee085f0c193c61a"
  version = "v1.0.5"

[solve-meta]
  analyzer-name = "dep"
  analyzer-version = 1
  inputs-digest = "970d138a930c7b2bdbca1528cf624d6dba5eca21d2bab9f3fa0704cd73b3f152"
  solver-name = "gps-cdcl"
  solver-version = 1
